
Microsoft Visual Studio Solution File, Format Version 12.00
# Visual Studio Version 16
VisualStudioVersion = 16.0.32510.428
MinimumVisualStudioVersion = 10.0.40219.1
Project("{FAE04EC0-301F-11D3-BF4B-00C04F79EFBC}") = "MesafeAdimUygulamasi", "MesafeAdimUygulamasi\MesafeAdimUygulamasi.csproj", "{33213BAC-A96E-4A91-85EB-766DF5E22658}"
EndProject
Global
	GlobalSection(SolutionConfigurationPlatforms) = preSolution
		Debug|Any CPU = Debug|Any CPU
		Release|Any CPU = Release|Any CPU
	EndGlobalSection
	GlobalSection(ProjectConfigurationPlatforms) = postSolution
		{33213BAC-A96E-4A91-85EB-766DF5E22658}.Debug|Any CPU.ActiveCfg = Debug|Any CPU
		{33213BAC-A96E-4A91-85EB-766DF5E22658}.Debug|Any CPU.Build.0 = Debug|Any CPU
		{33213BAC-A96E-4A91-85EB-766DF5E22658}.Release|Any CPU.ActiveCfg = Release|Any CPU
		{33213BAC-A96E-4A91-85EB-766DF5E22658}.Release|Any CPU.Build.0 = Release|Any CPU
	EndGlobalSection
	GlobalSection(SolutionProperties) = preSolution
		HideSolutionNode = FALSE
	EndGlobalSection
	GlobalSection(ExtensibilityGlobals) = postSolution
		SolutionGuid = {ABF0DB44-3804-4F9E-9896-5A54E9739582}
	EndGlobalSection
EndGlobal
